
Microsoft Visual Studio Solution File, Format Version 12.00
# Visual Studio 15
VisualStudioVersion = 15.0.27130.2003
MinimumVisualStudioVersion = 10.0.40219.1
Project("{FAE04EC0-301F-11D3-BF4B-00C04F79EFBC}") = "SchoolERP", "SchoolERP\SchoolERP.csproj", "{096353A0-38C5-443C-8C91-6E284B045404}"
EndProject
Project("{FAE04EC0-301F-11D3-BF4B-00C04F79EFBC}") = "SchoolERP.Tests", "SchoolERP.Tests\SchoolERP.Tests.csproj", "{B04FFE25-1CC8-4A3F-B3A7-C6A88462D495}"
EndProject
Global
	GlobalSection(SolutionConfigurationPlatforms) = preSolution
		Debug|Any CPU = Debug|Any CPU
		Release|Any CPU = Release|Any CPU
	EndGlobalSection
	GlobalSection(ProjectConfigurationPlatforms) = postSolution
		{096353A0-38C5-443C-8C91-6E284B045404}.Debug|Any CPU.ActiveCfg = Debug|Any CPU
		{096353A0-38C5-443C-8C91-6E284B045404}.Debug|Any CPU.Build.0 = Debug|Any CPU
		{096353A0-38C5-443C-8C91-6E284B045404}.Release|Any CPU.ActiveCfg = Release|Any CPU
		{096353A0-38C5-443C-8C91-6E284B045404}.Release|Any CPU.Build.0 = Release|Any CPU
		{B04FFE25-1CC8-4A3F-B3A7-C6A88462D495}.Debug|Any CPU.ActiveCfg = Debug|Any CPU
		{B04FFE25-1CC8-4A3F-B3A7-C6A88462D495}.Debug|Any CPU.Build.0 = Debug|Any CPU
		{B04FFE25-1CC8-4A3F-B3A7-C6A88462D495}.Release|Any CPU.ActiveCfg = Release|Any CPU
		{B04FFE25-1CC8-4A3F-B3A7-C6A88462D495}.Release|Any CPU.Build.0 = Release|Any CPU
	EndGlobalSection
	GlobalSection(SolutionProperties) = preSolution
		HideSolutionNode = FALSE
	EndGlobalSection
	GlobalSection(ExtensibilityGlobals) = postSolution
		SolutionGuid = {6CC7A429-841F-45F6-B211-CB29AE379062}
	EndGlobalSection
EndGlobal
